Microsoft Visual Studio Solution File, Format Version 12.00
# Visual Studio Version 17
VisualStudioVersion = 17.5.2.0
MinimumVisualStudioVersion = 10.0.40219.1
Project("{FAE04EC0-301F-11D3-BF4B-00C04F79EFBC}") = "GuessX.Server", "GuessX.Server.csproj", "{C51F1C56-B980-82BB-1719-87EB2EE9444C}"
EndProject
Global
	GlobalSection(SolutionConfigurationPlatforms) = preSolution
		Debug|Any CPU = Debug|Any CPU
		Release|Any CPU = Release|Any CPU
	EndGlobalSection
	GlobalSection(ProjectConfigurationPlatforms) = postSolution
		{C51F1C56-B980-82BB-1719-87EB2EE9444C}.Debug|Any CPU.ActiveCfg = Debug|Any CPU
		{C51F1C56-B980-82BB-1719-87EB2EE9444C}.Debug|Any CPU.Build.0 = Debug|Any CPU
		{C51F1C56-B980-82BB-1719-87EB2EE9444C}.Release|Any CPU.ActiveCfg = Release|Any CPU
		{C51F1C56-B980-82BB-1719-87EB2EE9444C}.Release|Any CPU.Build.0 = Release|Any CPU
	EndGlobalSection
	GlobalSection(SolutionProperties) = preSolution
		HideSolutionNode = FALSE
	EndGlobalSection
	GlobalSection(ExtensibilityGlobals) = postSolution
		SolutionGuid = {6A6E486C-D300-4336-9DC9-460300DD70CC}
	EndGlobalSection
EndGlobal
